<?xml version="1.0" encoding="utf-8"?>
<Project ToolsVersion="4.0" xmlns="http://schemas.microsoft.com/developer/msbuild/2003">
  <ItemGroup>
    <Filter Include="源文件">
      <UniqueIdentifier>{4FC737F1-C7A5-4376-A066-2A32D752A2FF}</UniqueIdentifier>
      <Extensions>cpp;c;cc;cxx;c++;def;odl;idl;hpj;bat;asm;asmx</Extensions>
    </Filter>
    <Filter Include="头文件">
      <UniqueIdentifier>{93995380-89BD-4b04-88EB-625FBE52EBFB}</UniqueIdentifier>
      <Extensions>h;hh;hpp;hxx;h++;hm;inl;inc;ipp;xsd</Extensions>
    </Filter>
    <Filter Include="资源文件">
      <UniqueIdentifier>{67DA6AB6-F800-4c08-8B7A-83BB121AAD01}</UniqueIdentifier>
      <Extensions>rc;ico;cur;bmp;dlg;rc2;rct;bin;rgs;gif;jpg;jpeg;jpe;resx;tiff;tif;png;wav;mfcribbon-ms</Extensions>
    </Filter>
    <Filter Include="string_algo">
      <UniqueIdentifier>{16ecaec7-37da-4138-862a-cc4c9a6d2785}</UniqueIdentifier>
    </Filter>
    <Filter Include="string_algo\detail">
      <UniqueIdentifier>{10838262-28a6-4322-9b78-f5af5f37c6be}</UniqueIdentifier>
    </Filter>
  </ItemGroup>
  <ItemGroup>
    <ClCompile Include="StringAlgo.cpp">
      <Filter>源文件</Filter>
    </ClCompile>
  </ItemGroup>
  <ItemGroup>
    <ClInclude Include="string_algo\string.hpp">
      <Filter>string_algo</Filter>
    </ClInclude>
    <ClInclude Include="string_algo\trim.hpp">
      <Filter>string_algo</Filter>
    </ClInclude>
    <ClInclude Include="string_algo\classification.hpp">
      <Filter>string_algo</Filter>
    </ClInclude>
    <ClInclude Include="string_algo\predicate_facade.hpp">
      <Filter>string_algo</Filter>
    </ClInclude>
    <ClInclude Include="string_algo\detail\classification.hpp">
      <Filter>string_algo\detail</Filter>
    </ClInclude>
    <ClInclude Include="string_algo\detail\trim.hpp">
      <Filter>string_algo\detail</Filter>
    </ClInclude>
    <ClInclude Include="string_algo\case_conv.hpp">
      <Filter>string_algo</Filter>
    </ClInclude>
    <ClInclude Include="string_algo\detail\case_conv.hpp">
      <Filter>string_algo\detail</Filter>
    </ClInclude>
    <ClInclude Include="string_algo\as_literal.hpp">
      <Filter>string_algo</Filter>
    </ClInclude>
    <ClInclude Include="string_algo\compare.hpp">
      <Filter>string_algo</Filter>
    </ClInclude>
    <ClInclude Include="string_algo\constants.hpp">
      <Filter>string_algo</Filter>
    </ClInclude>
    <ClInclude Include="string_algo\finder.hpp">
      <Filter>string_algo</Filter>
    </ClInclude>
    <ClInclude Include="string_algo\predicate.hpp">
      <Filter>string_algo</Filter>
    </ClInclude>
    <ClInclude Include="string_algo\detail\finder.hpp">
      <Filter>string_algo\detail</Filter>
    </ClInclude>
    <ClInclude Include="string_algo\detail\predicate.hpp">
      <Filter>string_algo\detail</Filter>
    </ClInclude>
    <ClInclude Include="string_algo\find.hpp">
      <Filter>string_algo</Filter>
    </ClInclude>
    <ClInclude Include="string_algo\concept.hpp">
      <Filter>string_algo</Filter>
    </ClInclude>
    <ClInclude Include="string_algo\find_iterator.hpp">
      <Filter>string_algo</Filter>
    </ClInclude>
    <ClInclude Include="string_algo\iter_find.hpp">
      <Filter>string_algo</Filter>
    </ClInclude>
    <ClInclude Include="string_algo\split.hpp">
      <Filter>string_algo</Filter>
    </ClInclude>
    <ClInclude Include="string_algo\detail\find_iterator.hpp">
      <Filter>string_algo\detail</Filter>
    </ClInclude>
    <ClInclude Include="string_algo\detail\util.hpp">
      <Filter>string_algo\detail</Filter>
    </ClInclude>
    <ClInclude Include="string_algo\join.hpp">
      <Filter>string_algo</Filter>
    </ClInclude>
    <ClInclude Include="string_algo\detail\sequence.hpp">
      <Filter>string_algo\detail</Filter>
    </ClInclude>
    <ClInclude Include="string_algo\sequence_traits.hpp">
      <Filter>string_algo</Filter>
    </ClInclude>
    <ClInclude Include="string_algo\yes_no_type.hpp">
      <Filter>string_algo</Filter>
    </ClInclude>
    <ClInclude Include="string_algo\replace.hpp">
      <Filter>string_algo</Filter>
    </ClInclude>
    <ClInclude Include="string_algo\find_format.hpp">
      <Filter>string_algo</Filter>
    </ClInclude>
    <ClInclude Include="string_algo\formatter.hpp">
      <Filter>string_algo</Filter>
    </ClInclude>
    <ClInclude Include="string_algo\detail\find_format.hpp">
      <Filter>string_algo\detail</Filter>
    </ClInclude>
    <ClInclude Include="string_algo\detail\find_format_all.hpp">
      <Filter>string_algo\detail</Filter>
    </ClInclude>
    <ClInclude Include="string_algo\detail\formatter.hpp">
      <Filter>string_algo\detail</Filter>
    </ClInclude>
    <ClInclude Include="string_algo\detail\find_format_store.hpp">
      <Filter>string_algo\detail</Filter>
    </ClInclude>
    <ClInclude Include="string_algo\detail\replace_storage.hpp">
      <Filter>string_algo\detail</Filter>
    </ClInclude>
  </ItemGroup>
</Project>